
Microsoft Visual Studio Solution File, Format Version 12.00
# Visual Studio 15
VisualStudioVersion = 15.0.26730.16
MinimumVisualStudioVersion = 10.0.40219.1
Project("{8BC9CEB8-8B4A-11D0-8D11-00A0C91BC942}") = "ACM1052(贪心）", "ACM1052(贪心）\ACM1052(贪心）.vcxproj", "{E81B30DC-283A-47C8-AFF0-1C3EE161F6D2}"
EndProject
Global
	GlobalSection(SolutionConfigurationPlatforms) = preSolution
		Debug|x64 = Debug|x64
		Debug|x86 = Debug|x86
		Release|x64 = Release|x64
		Release|x86 = Release|x86
	EndGlobalSection
	GlobalSection(ProjectConfigurationPlatforms) = postSolution
		{E81B30DC-283A-47C8-AFF0-1C3EE161F6D2}.Debug|x64.ActiveCfg = Debug|x64
		{E81B30DC-283A-47C8-AFF0-1C3EE161F6D2}.Debug|x64.Build.0 = Debug|x64
		{E81B30DC-283A-47C8-AFF0-1C3EE161F6D2}.Debug|x86.ActiveCfg = Debug|Win32
		{E81B30DC-283A-47C8-AFF0-1C3EE161F6D2}.Debug|x86.Build.0 = Debug|Win32
		{E81B30DC-283A-47C8-AFF0-1C3EE161F6D2}.Release|x64.ActiveCfg = Release|x64
		{E81B30DC-283A-47C8-AFF0-1C3EE161F6D2}.Release|x64.Build.0 = Release|x64
		{E81B30DC-283A-47C8-AFF0-1C3EE161F6D2}.Release|x86.ActiveCfg = Release|Win32
		{E81B30DC-283A-47C8-AFF0-1C3EE161F6D2}.Release|x86.Build.0 = Release|Win32
	EndGlobalSection
	GlobalSection(SolutionProperties) = preSolution
		HideSolutionNode = FALSE
	EndGlobalSection
	GlobalSection(ExtensibilityGlobals) = postSolution
		SolutionGuid = {FB3BCDB6-D1A5-4FB6-BBE8-10690FAA324A}
	EndGlobalSection
EndGlobal
