
Microsoft Visual Studio Solution File, Format Version 12.00
# Visual Studio 15
VisualStudioVersion = 15.0.27130.2024
MinimumVisualStudioVersion = 10.0.40219.1
Project("{8BC9CEB8-8B4A-11D0-8D11-00A0C91BC942}") = "Hdoj1003（dp）", "Hdoj1003（dp）\Hdoj1003（dp）.vcxproj", "{74918230-ACFF-4AB1-84F7-5478038E724C}"
EndProject
Global
	GlobalSection(SolutionConfigurationPlatforms) = preSolution
		Debug|x64 = Debug|x64
		Debug|x86 = Debug|x86
		Release|x64 = Release|x64
		Release|x86 = Release|x86
	EndGlobalSection
	GlobalSection(ProjectConfigurationPlatforms) = postSolution
		{74918230-ACFF-4AB1-84F7-5478038E724C}.Debug|x64.ActiveCfg = Debug|x64
		{74918230-ACFF-4AB1-84F7-5478038E724C}.Debug|x64.Build.0 = Debug|x64
		{74918230-ACFF-4AB1-84F7-5478038E724C}.Debug|x86.ActiveCfg = Debug|Win32
		{74918230-ACFF-4AB1-84F7-5478038E724C}.Debug|x86.Build.0 = Debug|Win32
		{74918230-ACFF-4AB1-84F7-5478038E724C}.Release|x64.ActiveCfg = Release|x64
		{74918230-ACFF-4AB1-84F7-5478038E724C}.Release|x64.Build.0 = Release|x64
		{74918230-ACFF-4AB1-84F7-5478038E724C}.Release|x86.ActiveCfg = Release|Win32
		{74918230-ACFF-4AB1-84F7-5478038E724C}.Release|x86.Build.0 = Release|Win32
	EndGlobalSection
	GlobalSection(SolutionProperties) = preSolution
		HideSolutionNode = FALSE
	EndGlobalSection
	GlobalSection(ExtensibilityGlobals) = postSolution
		SolutionGuid = {C72FBD59-A45A-4A82-A516-BE2C70F18BBA}
	EndGlobalSection
EndGlobal
