
Microsoft Visual Studio Solution File, Format Version 12.00
# Visual Studio 15
VisualStudioVersion = 15.0.27004.2009
MinimumVisualStudioVersion = 10.0.40219.1
Project("{8BC9CEB8-8B4A-11D0-8D11-00A0C91BC942}") = "HDOJ2899(三分）", "HDOJ2899(三分）\HDOJ2899(三分）.vcxproj", "{4842DBCC-D5AF-4510-99D9-4710861CAF0D}"
EndProject
Global
	GlobalSection(SolutionConfigurationPlatforms) = preSolution
		Debug|x64 = Debug|x64
		Debug|x86 = Debug|x86
		Release|x64 = Release|x64
		Release|x86 = Release|x86
	EndGlobalSection
	GlobalSection(ProjectConfigurationPlatforms) = postSolution
		{4842DBCC-D5AF-4510-99D9-4710861CAF0D}.Debug|x64.ActiveCfg = Debug|x64
		{4842DBCC-D5AF-4510-99D9-4710861CAF0D}.Debug|x64.Build.0 = Debug|x64
		{4842DBCC-D5AF-4510-99D9-4710861CAF0D}.Debug|x86.ActiveCfg = Debug|Win32
		{4842DBCC-D5AF-4510-99D9-4710861CAF0D}.Debug|x86.Build.0 = Debug|Win32
		{4842DBCC-D5AF-4510-99D9-4710861CAF0D}.Release|x64.ActiveCfg = Release|x64
		{4842DBCC-D5AF-4510-99D9-4710861CAF0D}.Release|x64.Build.0 = Release|x64
		{4842DBCC-D5AF-4510-99D9-4710861CAF0D}.Release|x86.ActiveCfg = Release|Win32
		{4842DBCC-D5AF-4510-99D9-4710861CAF0D}.Release|x86.Build.0 = Release|Win32
	EndGlobalSection
	GlobalSection(SolutionProperties) = preSolution
		HideSolutionNode = FALSE
	EndGlobalSection
	GlobalSection(ExtensibilityGlobals) = postSolution
		SolutionGuid = {2B7F2B34-CC44-41C4-84AF-3C91D21D58FB}
	EndGlobalSection
EndGlobal
