
Microsoft Visual Studio Solution File, Format Version 12.00
# Visual Studio 15
VisualStudioVersion = 15.0.27004.2009
MinimumVisualStudioVersion = 10.0.40219.1
Project("{8BC9CEB8-8B4A-11D0-8D11-00A0C91BC942}") = "HDUOJ2036", "HDUOJ2036\HDUOJ2036.vcxproj", "{185901B8-3D48-4DBE-BF3F-698BBD7E490D}"
EndProject
Global
	GlobalSection(SolutionConfigurationPlatforms) = preSolution
		Debug|x64 = Debug|x64
		Debug|x86 = Debug|x86
		Release|x64 = Release|x64
		Release|x86 = Release|x86
	EndGlobalSection
	GlobalSection(ProjectConfigurationPlatforms) = postSolution
		{185901B8-3D48-4DBE-BF3F-698BBD7E490D}.Debug|x64.ActiveCfg = Debug|x64
		{185901B8-3D48-4DBE-BF3F-698BBD7E490D}.Debug|x64.Build.0 = Debug|x64
		{185901B8-3D48-4DBE-BF3F-698BBD7E490D}.Debug|x86.ActiveCfg = Debug|Win32
		{185901B8-3D48-4DBE-BF3F-698BBD7E490D}.Debug|x86.Build.0 = Debug|Win32
		{185901B8-3D48-4DBE-BF3F-698BBD7E490D}.Release|x64.ActiveCfg = Release|x64
		{185901B8-3D48-4DBE-BF3F-698BBD7E490D}.Release|x64.Build.0 = Release|x64
		{185901B8-3D48-4DBE-BF3F-698BBD7E490D}.Release|x86.ActiveCfg = Release|Win32
		{185901B8-3D48-4DBE-BF3F-698BBD7E490D}.Release|x86.Build.0 = Release|Win32
	EndGlobalSection
	GlobalSection(SolutionProperties) = preSolution
		HideSolutionNode = FALSE
	EndGlobalSection
	GlobalSection(ExtensibilityGlobals) = postSolution
		SolutionGuid = {4DB86AA4-475B-46D2-BE06-7DCC06DB07D5}
	EndGlobalSection
EndGlobal
